// !$*UTF8*$!
{
	archiveVersion = 1;
	classes = {
	};
	objectVersion = 56;
	objects = {

/* Begin PBXBuildFile section */
		F90AE4832B7562E200BE93BF /* DelayEventView.swift in Sources */ = {isa = PBXBuildFile; fileRef = F90AE4822B7562E200BE93BF /* DelayEventView.swift */; };
		F90AE4852B76987100BE93BF /* TriggerableEventsListView.swift in Sources */ = {isa = PBXBuildFile; fileRef = F90AE4842B76987100BE93BF /* TriggerableEventsListView.swift */; };
		F90E373C2B4DF95D00331483 /* Utils.swift in Sources */ = {isa = PBXBuildFile; fileRef = F90E373B2B4DF95D00331483 /* Utils.swift */; };
		F90E373E2B51BFA100331483 /* MidiMessageView.swift in Sources */ = {isa = PBXBuildFile; fileRef = F90E373D2B51BFA100331483 /* MidiMessageView.swift */; };
		F90E37412B52CC9800331483 /* TextFieldUInt8.swift in Sources */ = {isa = PBXBuildFile; fileRef = F90E37402B52CC9800331483 /* TextFieldUInt8.swift */; };
		F90E37442B5597F000331483 /* MidiControl.xcdatamodeld in Sources */ = {isa = PBXBuildFile; fileRef = F90E37422B5597F000331483 /* MidiControl.xcdatamodeld */; };
		F90E37472B5598D700331483 /* DataController.swift in Sources */ = {isa = PBXBuildFile; fileRef = F90E37462B5598D700331483 /* DataController.swift */; };
		F924A6B52B4DE9E0004E9129 /* MidiMessage.swift in Sources */ = {isa = PBXBuildFile; fileRef = F924A6B42B4DE9E0004E9129 /* MidiMessage.swift */; };
		F92B18852B56FD8C0018CE5F /* CoreDataExtensions.swift in Sources */ = {isa = PBXBuildFile; fileRef = F92B18842B56FD8C0018CE5F /* CoreDataExtensions.swift */; };
		F9545D0A2B3CAE5B008F8B29 /* AccessibilityAlertView.swift in Sources */ = {isa = PBXBuildFile; fileRef = F9545D092B3CAE5B008F8B29 /* AccessibilityAlertView.swift */; };
		F956578A2B59CEFC00125ABE /* KeyStrokeView.swift in Sources */ = {isa = PBXBuildFile; fileRef = F95657892B59CEFC00125ABE /* KeyStrokeView.swift */; };
		F958EF8C2B69617E00610202 /* Sparkle in Frameworks */ = {isa = PBXBuildFile; productRef = F958EF8B2B69617E00610202 /* Sparkle */; };
		F958EF902B6966A900610202 /* CheckForUpdates.swift in Sources */ = {isa = PBXBuildFile; fileRef = F958EF8F2B6966A900610202 /* CheckForUpdates.swift */; };
		F958EF932B69671B00610202 /* CheckForUpdatesModel.swift in Sources */ = {isa = PBXBuildFile; fileRef = F958EF922B69671B00610202 /* CheckForUpdatesModel.swift */; };
		F960BA052B76BFDF00DDDC3D /* MouseEventTypes.swift in Sources */ = {isa = PBXBuildFile; fileRef = F960BA042B76BFDF00DDDC3D /* MouseEventTypes.swift */; };
		F960BA072B76C4A600DDDC3D /* MouseEventView.swift in Sources */ = {isa = PBXBuildFile; fileRef = F960BA062B76C4A600DDDC3D /* MouseEventView.swift */; };
		F96AB3A92B5BFC3E0009D766 /* KeyCodes.swift in Sources */ = {isa = PBXBuildFile; fileRef = F96AB3A82B5BFC3E0009D766 /* KeyCodes.swift */; };
		F97402542B6D60DA00CFD4EE /* ToggleCheckBox.swift in Sources */ = {isa = PBXBuildFile; fileRef = F97402532B6D60DA00CFD4EE /* ToggleCheckBox.swift */; };
		F97402572B701A6D00CFD4EE /* ApplicationLaunchView.swift in Sources */ = {isa = PBXBuildFile; fileRef = F97402562B701A6D00CFD4EE /* ApplicationLaunchView.swift */; };
		F97FD9F62B40B7B50032DFD0 /* MidiEndpointModel.swift in Sources */ = {isa = PBXBuildFile; fileRef = F97FD9F42B40B7B50032DFD0 /* MidiEndpointModel.swift */; };
		F97FD9F72B40B7B50032DFD0 /* MidiSourcesManager.swift in Sources */ = {isa = PBXBuildFile; fileRef = F97FD9F52B40B7B50032DFD0 /* MidiSourcesManager.swift */; };
		F97FD9F92B40B7C40032DFD0 /* MidiSourcesView.swift in Sources */ = {isa = PBXBuildFile; fileRef = F97FD9F82B40B7C40032DFD0 /* MidiSourcesView.swift */; };
		F99774792B7166830045C7AD /* ApplicationClosureView.swift in Sources */ = {isa = PBXBuildFile; fileRef = F99774782B7166830045C7AD /* ApplicationClosureView.swift */; };
		F997747B2B7167160045C7AD /* TriggerableEventView.swift in Sources */ = {isa = PBXBuildFile; fileRef = F997747A2B7167160045C7AD /* TriggerableEventView.swift */; };
		F9B052632B584C2E006F1A33 /* GenericMidiListView.swift in Sources */ = {isa = PBXBuildFile; fileRef = F9B052622B584C2D006F1A33 /* GenericMidiListView.swift */; };
		F9B052652B5858E4006F1A33 /* TabsMidiListsView.swift in Sources */ = {isa = PBXBuildFile; fileRef = F9B052642B5858E3006F1A33 /* TabsMidiListsView.swift */; };
		F9D482802B6A8A0A00470467 /* ExpandViewer.swift in Sources */ = {isa = PBXBuildFile; fileRef = F9D4827F2B6A8A0A00470467 /* ExpandViewer.swift */; };
		F9D482822B6AB95E00470467 /* ChannelStepper.swift in Sources */ = {isa = PBXBuildFile; fileRef = F9D482812B6AB95D00470467 /* ChannelStepper.swift */; };
		F9D6B0582B374A260063F634 /* MidiControlApp.swift in Sources */ = {isa = PBXBuildFile; fileRef = F9D6B0572B374A260063F634 /* MidiControlApp.swift */; };
		F9D6B05A2B374A260063F634 /* ContentView.swift in Sources */ = {isa = PBXBuildFile; fileRef = F9D6B0592B374A260063F634 /* ContentView.swift */; };
		F9D6B05C2B374A270063F634 /* Assets.xcassets in Resources */ = {isa = PBXBuildFile; fileRef = F9D6B05B2B374A270063F634 /* Assets.xcassets */; };
		F9D6B05F2B374A270063F634 /* Preview Assets.xcassets in Resources */ = {isa = PBXBuildFile; fileRef = F9D6B05E2B374A270063F634 /* Preview Assets.xcassets */; };
		F9D6B06A2B374A270063F634 /* MidiControlTests.swift in Sources */ = {isa = PBXBuildFile; fileRef = F9D6B0692B374A270063F634 /* MidiControlTests.swift */; };
		F9D6B0742B374A280063F634 /* MidiControlUITests.swift in Sources */ = {isa = PBXBuildFile; fileRef = F9D6B0732B374A280063F634 /* MidiControlUITests.swift */; };
		F9D6B0762B374A280063F634 /* MidiControlUITestsLaunchTests.swift in Sources */ = {isa = PBXBuildFile; fileRef = F9D6B0752B374A280063F634 /* MidiControlUITestsLaunchTests.swift */; };
		F9E4FF8D2B49B35400BA18C3 /* MidiAdapter.mm in Sources */ = {isa = PBXBuildFile; fileRef = F9E4FF8B2B49B35400BA18C3 /* MidiAdapter.mm */; };
		F9E4FF8F2B49BE9900BA18C3 /* Extensions.swift in Sources */ = {isa = PBXBuildFile; fileRef = F9E4FF8E2B49BE9900BA18C3 /* Extensions.swift */; };
		F9E4FF912B49CA0A00BA18C3 /* MidiEventsLogModel.swift in Sources */ = {isa = PBXBuildFile; fileRef = F9E4FF902B49CA0A00BA18C3 /* MidiEventsLogModel.swift */; };
		F9E4FF932B49CA6600BA18C3 /* MidiEventsLogView.swift in Sources */ = {isa = PBXBuildFile; fileRef = F9E4FF922B49CA6600BA18C3 /* MidiEventsLogView.swift */; };
		F9F05C712B5C44F8008F14FC /* KeyPressEmulator.swift in Sources */ = {isa = PBXBuildFile; fileRef = F9F05C702B5C44F8008F14FC /* KeyPressEmulator.swift */; };
		F9FF59072B473FB1005D7CB9 /* MidiReceiver.swift in Sources */ = {isa = PBXBuildFile; fileRef = F9FF59062B473FB1005D7CB9 /* MidiReceiver.swift */; };
		F9FF59092B473FBE005D7CB9 /* AppState.swift in Sources */ = {isa = PBXBuildFile; fileRef = F9FF59082B473FBE005D7CB9 /* AppState.swift */; };
/* End PBXBuildFile section */

/* Begin PBXContainerItemProxy section */
		F9D6B0662B374A270063F634 /* PBXContainerItemProxy */ = {
			isa = PBXContainerItemProxy;
			containerPortal = F9D6B04C2B374A260063F634 /* Project object */;
			proxyType = 1;
			remoteGlobalIDString = F9D6B0532B374A260063F634;
			remoteInfo = MidiControl;
		};
		F9D6B0702B374A280063F634 /* PBXContainerItemProxy */ = {
			isa = PBXContainerItemProxy;
			containerPortal = F9D6B04C2B374A260063F634 /* Project object */;
			proxyType = 1;
			remoteGlobalIDString = F9D6B0532B374A260063F634;
			remoteInfo = MidiControl;
		};
/* End PBXContainerItemProxy section */

/* Begin PBXFileReference section */
		F90AE4822B7562E200BE93BF /* DelayEventView.swift */ = {isa = PBXFileReference; lastKnownFileType = sourcecode.swift; path = DelayEventView.swift; sourceTree = "<group>"; };
		F90AE4842B76987100BE93BF /* TriggerableEventsListView.swift */ = {isa = PBXFileReference; lastKnownFileType = sourcecode.swift; path = TriggerableEventsListView.swift; sourceTree = "<group>"; };
		F90E373B2B4DF95D00331483 /* Utils.swift */ = {isa = PBXFileReference; lastKnownFileType = sourcecode.swift; path = Utils.swift; sourceTree = "<group>"; };
		F90E373D2B51BFA100331483 /* MidiMessageView.swift */ = {isa = PBXFileReference; lastKnownFileType = sourcecode.swift; path = MidiMessageView.swift; sourceTree = "<group>"; };
		F90E37402B52CC9800331483 /* TextFieldUInt8.swift */ = {isa = PBXFileReference; lastKnownFileType = sourcecode.swift; path = TextFieldUInt8.swift; sourceTree = "<group>"; };
		F90E37432B5597F000331483 /* MidiControl.xcdatamodel */ = {isa = PBXFileReference; lastKnownFileType = wrapper.xcdatamodel; path = MidiControl.xcdatamodel; sourceTree = "<group>"; };
		F90E37462B5598D700331483 /* DataController.swift */ = {isa = PBXFileReference; lastKnownFileType = sourcecode.swift; path = DataController.swift; sourceTree = "<group>"; };
		F924A6B42B4DE9E0004E9129 /* MidiMessage.swift */ = {isa = PBXFileReference; lastKnownFileType = sourcecode.swift; path = MidiMessage.swift; sourceTree = "<group>"; };
		F92B18842B56FD8C0018CE5F /* CoreDataExtensions.swift */ = {isa = PBXFileReference; lastKnownFileType = sourcecode.swift; path = CoreDataExtensions.swift; sourceTree = "<group>"; };
		F9545D092B3CAE5B008F8B29 /* AccessibilityAlertView.swift */ = {isa = PBXFileReference; lastKnownFileType = sourcecode.swift; path = AccessibilityAlertView.swift; sourceTree = "<group>"; };
		F95657892B59CEFC00125ABE /* KeyStrokeView.swift */ = {isa = PBXFileReference; lastKnownFileType = sourcecode.swift; path = KeyStrokeView.swift; sourceTree = "<group>"; };
		F958EF8D2B6964BE00610202 /* Info.plist */ = {isa = PBXFileReference; lastKnownFileType = text.plist; path = Info.plist; sourceTree = "<group>"; };
		F958EF8F2B6966A900610202 /* CheckForUpdates.swift */ = {isa = PBXFileReference; lastKnownFileType = sourcecode.swift; path = CheckForUpdates.swift; sourceTree = "<group>"; };
		F958EF922B69671B00610202 /* CheckForUpdatesModel.swift */ = {isa = PBXFileReference; lastKnownFileType = sourcecode.swift; path = CheckForUpdatesModel.swift; sourceTree = "<group>"; };
		F960BA042B76BFDF00DDDC3D /* MouseEventTypes.swift */ = {isa = PBXFileReference; lastKnownFileType = sourcecode.swift; path = MouseEventTypes.swift; sourceTree = "<group>"; };
		F960BA062B76C4A600DDDC3D /* MouseEventView.swift */ = {isa = PBXFileReference; lastKnownFileType = sourcecode.swift; path = MouseEventView.swift; sourceTree = "<group>"; };
		F96AB3A82B5BFC3E0009D766 /* KeyCodes.swift */ = {isa = PBXFileReference; lastKnownFileType = sourcecode.swift; path = KeyCodes.swift; sourceTree = "<group>"; };
		F97402532B6D60DA00CFD4EE /* ToggleCheckBox.swift */ = {isa = PBXFileReference; lastKnownFileType = sourcecode.swift; path = ToggleCheckBox.swift; sourceTree = "<group>"; };
		F97402562B701A6D00CFD4EE /* ApplicationLaunchView.swift */ = {isa = PBXFileReference; lastKnownFileType = sourcecode.swift; path = ApplicationLaunchView.swift; sourceTree = "<group>"; };
		F97FD9F42B40B7B50032DFD0 /* MidiEndpointModel.swift */ = {isa = PBXFileReference; fileEncoding = 4; lastKnownFileType = sourcecode.swift; path = MidiEndpointModel.swift; sourceTree = "<group>"; };
		F97FD9F52B40B7B50032DFD0 /* MidiSourcesManager.swift */ = {isa = PBXFileReference; fileEncoding = 4; lastKnownFileType = sourcecode.swift; path = MidiSourcesManager.swift; sourceTree = "<group>"; };
		F97FD9F82B40B7C40032DFD0 /* MidiSourcesView.swift */ = {isa = PBXFileReference; fileEncoding = 4; lastKnownFileType = sourcecode.swift; path = MidiSourcesView.swift; sourceTree = "<group>"; };
		F99774782B7166830045C7AD /* ApplicationClosureView.swift */ = {isa = PBXFileReference; lastKnownFileType = sourcecode.swift; path = ApplicationClosureView.swift; sourceTree = "<group>"; };
		F997747A2B7167160045C7AD /* TriggerableEventView.swift */ = {isa = PBXFileReference; lastKnownFileType = sourcecode.swift; path = TriggerableEventView.swift; sourceTree = "<group>"; };
		F9B052622B584C2D006F1A33 /* GenericMidiListView.swift */ = {isa = PBXFileReference; lastKnownFileType = sourcecode.swift; path = GenericMidiListView.swift; sourceTree = "<group>"; };
		F9B052642B5858E3006F1A33 /* TabsMidiListsView.swift */ = {isa = PBXFileReference; lastKnownFileType = sourcecode.swift; path = TabsMidiListsView.swift; sourceTree = "<group>"; };
		F9D4827F2B6A8A0A00470467 /* ExpandViewer.swift */ = {isa = PBXFileReference; lastKnownFileType = sourcecode.swift; path = ExpandViewer.swift; sourceTree = "<group>"; };
		F9D482812B6AB95D00470467 /* ChannelStepper.swift */ = {isa = PBXFileReference; lastKnownFileType = sourcecode.swift; path = ChannelStepper.swift; sourceTree = "<group>"; };
		F9D6B0542B374A260063F634 /* MidiControl.app */ = {isa = PBXFileReference; explicitFileType = wrapper.application; includeInIndex = 0; path = MidiControl.app; sourceTree = BUILT_PRODUCTS_DIR; };
		F9D6B0572B374A260063F634 /* MidiControlApp.swift */ = {isa = PBXFileReference; lastKnownFileType = sourcecode.swift; path = MidiControlApp.swift; sourceTree = "<group>"; };
		F9D6B0592B374A260063F634 /* ContentView.swift */ = {isa = PBXFileReference; lastKnownFileType = sourcecode.swift; path = ContentView.swift; sourceTree = "<group>"; };
		F9D6B05B2B374A270063F634 /* Assets.xcassets */ = {isa = PBXFileReference; lastKnownFileType = folder.assetcatalog; path = Assets.xcassets; sourceTree = "<group>"; };
		F9D6B05E2B374A270063F634 /* Preview Assets.xcassets */ = {isa = PBXFileReference; lastKnownFileType = folder.assetcatalog; path = "Preview Assets.xcassets"; sourceTree = "<group>"; };
		F9D6B0602B374A270063F634 /* MidiControl.entitlements */ = {isa = PBXFileReference; lastKnownFileType = text.plist.entitlements; path = MidiControl.entitlements; sourceTree = "<group>"; };
		F9D6B0652B374A270063F634 /* MidiControlTests.xctest */ = {isa = PBXFileReference; explicitFileType = wrapper.cfbundle; includeInIndex = 0; path = MidiControlTests.xctest; sourceTree = BUILT_PRODUCTS_DIR; };
		F9D6B0692B374A270063F634 /* MidiControlTests.swift */ = {isa = PBXFileReference; lastKnownFileType = sourcecode.swift; path = MidiControlTests.swift; sourceTree = "<group>"; };
		F9D6B06F2B374A280063F634 /* MidiControlUITests.xctest */ = {isa = PBXFileReference; explicitFileType = wrapper.cfbundle; includeInIndex = 0; path = MidiControlUITests.xctest; sourceTree = BUILT_PRODUCTS_DIR; };
		F9D6B0732B374A280063F634 /* MidiControlUITests.swift */ = {isa = PBXFileReference; lastKnownFileType = sourcecode.swift; path = MidiControlUITests.swift; sourceTree = "<group>"; };
		F9D6B0752B374A280063F634 /* MidiControlUITestsLaunchTests.swift */ = {isa = PBXFileReference; lastKnownFileType = sourcecode.swift; path = MidiControlUITestsLaunchTests.swift; sourceTree = "<group>"; };
		F9E4FF852B49B1CA00BA18C3 /* MidiControl-Bridging-Header.h */ = {isa = PBXFileReference; lastKnownFileType = sourcecode.c.h; path = "MidiControl-Bridging-Header.h"; sourceTree = "<group>"; };
		F9E4FF872B49B1CA00BA18C3 /* SingleProducerSingleConsumerQueue.hpp */ = {isa = PBXFileReference; lastKnownFileType = sourcecode.cpp.h; path = SingleProducerSingleConsumerQueue.hpp; sourceTree = "<group>"; };
		F9E4FF8B2B49B35400BA18C3 /* MidiAdapter.mm */ = {isa = PBXFileReference; fileEncoding = 4; lastKnownFileType = sourcecode.cpp.objcpp; path = MidiAdapter.mm; sourceTree = "<group>"; };
		F9E4FF8C2B49B35400BA18C3 /* MidiAdapter.h */ = {isa = PBXFileReference; fileEncoding = 4; lastKnownFileType = sourcecode.c.h; path = MidiAdapter.h; sourceTree = "<group>"; };
		F9E4FF8E2B49BE9900BA18C3 /* Extensions.swift */ = {isa = PBXFileReference; lastKnownFileType = sourcecode.swift; path = Extensions.swift; sourceTree = "<group>"; };
		F9E4FF902B49CA0A00BA18C3 /* MidiEventsLogModel.swift */ = {isa = PBXFileReference; lastKnownFileType = sourcecode.swift; path = MidiEventsLogModel.swift; sourceTree = "<group>"; };
		F9E4FF922B49CA6600BA18C3 /* MidiEventsLogView.swift */ = {isa = PBXFileReference; lastKnownFileType = sourcecode.swift; path = MidiEventsLogView.swift; sourceTree = "<group>"; };
		F9F05C702B5C44F8008F14FC /* KeyPressEmulator.swift */ = {isa = PBXFileReference; lastKnownFileType = sourcecode.swift; path = KeyPressEmulator.swift; sourceTree = "<group>"; };
		F9FF59062B473FB1005D7CB9 /* MidiReceiver.swift */ = {isa = PBXFileReference; lastKnownFileType = sourcecode.swift; path = MidiReceiver.swift; sourceTree = "<group>"; };
		F9FF59082B473FBE005D7CB9 /* AppState.swift */ = {isa = PBXFileReference; lastKnownFileType = sourcecode.swift; path = AppState.swift; sourceTree = "<group>"; };
/* End PBXFileReference section */

/* Begin PBXFrameworksBuildPhase section */
		F9D6B0512B374A260063F634 /* Frameworks */ = {
			isa = PBXFrameworksBuildPhase;
			buildActionMask = 2147483647;
			files = (
				F958EF8C2B69617E00610202 /* Sparkle in Frameworks */,
			);
			runOnlyForDeploymentPostprocessing = 0;
		};
		F9D6B0622B374A270063F634 /* Frameworks */ = {
			isa = PBXFrameworksBuildPhase;
			buildActionMask = 2147483647;
			files = (
			);
			runOnlyForDeploymentPostprocessing = 0;
		};
		F9D6B06C2B374A280063F634 /* Frameworks */ = {
			isa = PBXFrameworksBuildPhase;
			buildActionMask = 2147483647;
			files = (
			);
			runOnlyForDeploymentPostprocessing = 0;
		};
/* End PBXFrameworksBuildPhase section */

/* Begin PBXGroup section */
		F90E373F2B52BF8A00331483 /* MidiMessages */ = {
			isa = PBXGroup;
			children = (
				F90E373D2B51BFA100331483 /* MidiMessageView.swift */,
				F9D482812B6AB95D00470467 /* ChannelStepper.swift */,
			);
			path = MidiMessages;
			sourceTree = "<group>";
		};
		F90E37452B5598C300331483 /* Data */ = {
			isa = PBXGroup;
			children = (
				F90E37422B5597F000331483 /* MidiControl.xcdatamodeld */,
				F92B18842B56FD8C0018CE5F /* CoreDataExtensions.swift */,
				F90E37462B5598D700331483 /* DataController.swift */,
			);
			path = Data;
			sourceTree = "<group>";
		};
		F956578B2B59CF0100125ABE /* TriggerableEvents */ = {
			isa = PBXGroup;
			children = (
				F95657892B59CEFC00125ABE /* KeyStrokeView.swift */,
				F97402562B701A6D00CFD4EE /* ApplicationLaunchView.swift */,
				F99774782B7166830045C7AD /* ApplicationClosureView.swift */,
				F997747A2B7167160045C7AD /* TriggerableEventView.swift */,
				F90AE4822B7562E200BE93BF /* DelayEventView.swift */,
				F960BA062B76C4A600DDDC3D /* MouseEventView.swift */,
			);
			path = TriggerableEvents;
			sourceTree = "<group>";
		};
		F958EF8E2B69669600610202 /* Updates */ = {
			isa = PBXGroup;
			children = (
				F958EF8F2B6966A900610202 /* CheckForUpdates.swift */,
			);
			path = Updates;
			sourceTree = "<group>";
		};
		F958EF912B69670B00610202 /* Updates */ = {
			isa = PBXGroup;
			children = (
				F958EF922B69671B00610202 /* CheckForUpdatesModel.swift */,
			);
			path = Updates;
			sourceTree = "<group>";
		};
		F97FD9EF2B40B3740032DFD0 /* Views */ = {
			isa = PBXGroup;
			children = (
				F9D4827E2B6A89EE00470467 /* GenericComponents */,
				F958EF8E2B69669600610202 /* Updates */,
				F956578B2B59CF0100125ABE /* TriggerableEvents */,
				F90E373F2B52BF8A00331483 /* MidiMessages */,
				F97FD9F82B40B7C40032DFD0 /* MidiSourcesView.swift */,
				F9D6B0592B374A260063F634 /* ContentView.swift */,
				F9545D092B3CAE5B008F8B29 /* AccessibilityAlertView.swift */,
				F9E4FF922B49CA6600BA18C3 /* MidiEventsLogView.swift */,
				F9B052622B584C2D006F1A33 /* GenericMidiListView.swift */,
				F9B052642B5858E3006F1A33 /* TabsMidiListsView.swift */,
				F90AE4842B76987100BE93BF /* TriggerableEventsListView.swift */,
			);
			path = Views;
			sourceTree = "<group>";
		};
		F97FD9F02B40B37A0032DFD0 /* Models */ = {
			isa = PBXGroup;
			children = (
				F958EF912B69670B00610202 /* Updates */,
				F97FD9F42B40B7B50032DFD0 /* MidiEndpointModel.swift */,
				F97FD9F52B40B7B50032DFD0 /* MidiSourcesManager.swift */,
				F9FF59062B473FB1005D7CB9 /* MidiReceiver.swift */,
				F9FF59082B473FBE005D7CB9 /* AppState.swift */,
				F9E4FF902B49CA0A00BA18C3 /* MidiEventsLogModel.swift */,
				F924A6B42B4DE9E0004E9129 /* MidiMessage.swift */,
			);
			path = Models;
			sourceTree = "<group>";
		};
		F97FD9F32B40B4330032DFD0 /* Utils */ = {
			isa = PBXGroup;
			children = (
				F9E4FF8E2B49BE9900BA18C3 /* Extensions.swift */,
				F90E373B2B4DF95D00331483 /* Utils.swift */,
				F96AB3A82B5BFC3E0009D766 /* KeyCodes.swift */,
				F960BA042B76BFDF00DDDC3D /* MouseEventTypes.swift */,
			);
			path = Utils;
			sourceTree = "<group>";
		};
		F9D4827E2B6A89EE00470467 /* GenericComponents */ = {
			isa = PBXGroup;
			children = (
				F90E37402B52CC9800331483 /* TextFieldUInt8.swift */,
				F9D4827F2B6A8A0A00470467 /* ExpandViewer.swift */,
				F97402532B6D60DA00CFD4EE /* ToggleCheckBox.swift */,
			);
			path = GenericComponents;
			sourceTree = "<group>";
		};
		F9D6B04B2B374A260063F634 = {
			isa = PBXGroup;
			children = (
				F9D6B0562B374A260063F634 /* MidiControl */,
				F9D6B0682B374A270063F634 /* MidiControlTests */,
				F9D6B0722B374A280063F634 /* MidiControlUITests */,
				F9D6B0552B374A260063F634 /* Products */,
			);
			sourceTree = "<group>";
		};
		F9D6B0552B374A260063F634 /* Products */ = {
			isa = PBXGroup;
			children = (
				F9D6B0542B374A260063F634 /* MidiControl.app */,
				F9D6B0652B374A270063F634 /* MidiControlTests.xctest */,
				F9D6B06F2B374A280063F634 /* MidiControlUITests.xctest */,
			);
			name = Products;
			sourceTree = "<group>";
		};
		F9D6B0562B374A260063F634 /* MidiControl */ = {
			isa = PBXGroup;
			children = (
				F958EF8D2B6964BE00610202 /* Info.plist */,
				F9F05C6F2B5C44D6008F14FC /* Services */,
				F90E37452B5598C300331483 /* Data */,
				F9E4FF842B49B18600BA18C3 /* Realtime */,
				F97FD9F32B40B4330032DFD0 /* Utils */,
				F97FD9F02B40B37A0032DFD0 /* Models */,
				F97FD9EF2B40B3740032DFD0 /* Views */,
				F9D6B0572B374A260063F634 /* MidiControlApp.swift */,
				F9D6B05B2B374A270063F634 /* Assets.xcassets */,
				F9D6B0602B374A270063F634 /* MidiControl.entitlements */,
				F9D6B05D2B374A270063F634 /* Preview Content */,
			);
			path = MidiControl;
			sourceTree = "<group>";
		};
		F9D6B05D2B374A270063F634 /* Preview Content */ = {
			isa = PBXGroup;
			children = (
				F9D6B05E2B374A270063F634 /* Preview Assets.xcassets */,
			);
			path = "Preview Content";
			sourceTree = "<group>";
		};
		F9D6B0682B374A270063F634 /* MidiControlTests */ = {
			isa = PBXGroup;
			children = (
				F9D6B0692B374A270063F634 /* MidiControlTests.swift */,
			);
			path = MidiControlTests;
			sourceTree = "<group>";
		};
		F9D6B0722B374A280063F634 /* MidiControlUITests */ = {
			isa = PBXGroup;
			children = (
				F9D6B0732B374A280063F634 /* MidiControlUITests.swift */,
				F9D6B0752B374A280063F634 /* MidiControlUITestsLaunchTests.swift */,
			);
			path = MidiControlUITests;
			sourceTree = "<group>";
		};
		F9E4FF842B49B18600BA18C3 /* Realtime */ = {
			isa = PBXGroup;
			children = (
				F9E4FF852B49B1CA00BA18C3 /* MidiControl-Bridging-Header.h */,
				F9E4FF8C2B49B35400BA18C3 /* MidiAdapter.h */,
				F9E4FF8B2B49B35400BA18C3 /* MidiAdapter.mm */,
				F9E4FF872B49B1CA00BA18C3 /* SingleProducerSingleConsumerQueue.hpp */,
			);
			path = Realtime;
			sourceTree = "<group>";
		};
		F9F05C6F2B5C44D6008F14FC /* Services */ = {
			isa = PBXGroup;
			children = (
				F9F05C702B5C44F8008F14FC /* KeyPressEmulator.swift */,
			);
			path = Services;
			sourceTree = "<group>";
		};
/* End PBXGroup section */

/* Begin PBXNativeTarget section */
		F9D6B0532B374A260063F634 /* MidiControl */ = {
			isa = PBXNativeTarget;
			buildConfigurationList = F9D6B0792B374A280063F634 /* Build configuration list for PBXNativeTarget "MidiControl" */;
			buildPhases = (
				F9D6B0502B374A260063F634 /* Sources */,
				F9D6B0512B374A260063F634 /* Frameworks */,
				F9D6B0522B374A260063F634 /* Resources */,
			);
			buildRules = (
			);
			dependencies = (
			);
			name = MidiControl;
			packageProductDependencies = (
				F958EF8B2B69617E00610202 /* Sparkle */,
			);
			productName = MidiControl;
			productReference = F9D6B0542B374A260063F634 /* MidiControl.app */;
			productType = "com.apple.product-type.application";
		};
		F9D6B0642B374A270063F634 /* MidiControlTests */ = {
			isa = PBXNativeTarget;
			buildConfigurationList = F9D6B07C2B374A280063F634 /* Build configuration list for PBXNativeTarget "MidiControlTests" */;
			buildPhases = (
				F9D6B0612B374A270063F634 /* Sources */,
				F9D6B0622B374A270063F634 /* Frameworks */,
				F9D6B0632B374A270063F634 /* Resources */,
			);
			buildRules = (
			);
			dependencies = (
				F9D6B0672B374A270063F634 /* PBXTargetDependency */,
			);
			name = MidiControlTests;
			productName = MidiControlTests;
			productReference = F9D6B0652B374A270063F634 /* MidiControlTests.xctest */;
			productType = "com.apple.product-type.bundle.unit-test";
		};
		F9D6B06E2B374A280063F634 /* MidiControlUITests */ = {
			isa = PBXNativeTarget;
			buildConfigurationList = F9D6B07F2B374A280063F634 /* Build configuration list for PBXNativeTarget "MidiControlUITests" */;
			buildPhases = (
				F9D6B06B2B374A280063F634 /* Sources */,
				F9D6B06C2B374A280063F634 /* Frameworks */,
				F9D6B06D2B374A280063F634 /* Resources */,
			);
			buildRules = (
			);
			dependencies = (
				F9D6B0712B374A280063F634 /* PBXTargetDependency */,
			);
			name = MidiControlUITests;
			productName = MidiControlUITests;
			productReference = F9D6B06F2B374A280063F634 /* MidiControlUITests.xctest */;
			productType = "com.apple.product-type.bundle.ui-testing";
		};
/* End PBXNativeTarget section */

/* Begin PBXProject section */
		F9D6B04C2B374A260063F634 /* Project object */ = {
			isa = PBXProject;
			attributes = {
				BuildIndependentTargetsInParallel = 1;
				LastSwiftUpdateCheck = 1500;
				LastUpgradeCheck = 1500;
				TargetAttributes = {
					F9D6B0532B374A260063F634 = {
						CreatedOnToolsVersion = 15.0;
						LastSwiftMigration = 1500;
					};
					F9D6B0642B374A270063F634 = {
						CreatedOnToolsVersion = 15.0;
						TestTargetID = F9D6B0532B374A260063F634;
					};
					F9D6B06E2B374A280063F634 = {
						CreatedOnToolsVersion = 15.0;
						TestTargetID = F9D6B0532B374A260063F634;
					};
				};
			};
			buildConfigurationList = F9D6B04F2B374A260063F634 /* Build configuration list for PBXProject "MidiControl" */;
			compatibilityVersion = "Xcode 14.0";
			developmentRegion = en;
			hasScannedForEncodings = 0;
			knownRegions = (
				en,
				Base,
			);
			mainGroup = F9D6B04B2B374A260063F634;
			packageReferences = (
				F958EF8A2B69617E00610202 /* XCRemoteSwiftPackageReference "Sparkle" */,
			);
			productRefGroup = F9D6B0552B374A260063F634 /* Products */;
			projectDirPath = "";
			projectRoot = "";
			targets = (
				F9D6B0532B374A260063F634 /* MidiControl */,
				F9D6B0642B374A270063F634 /* MidiControlTests */,
				F9D6B06E2B374A280063F634 /* MidiControlUITests */,
			);
		};
/* End PBXProject section */

/* Begin PBXResourcesBuildPhase section */
		F9D6B0522B374A260063F634 /* Resources */ = {
			isa = PBXResourcesBuildPhase;
			buildActionMask = 2147483647;
			files = (
				F9D6B05F2B374A270063F634 /* Preview Assets.xcassets in Resources */,
				F9D6B05C2B374A270063F634 /* Assets.xcassets in Resources */,
			);
			runOnlyForDeploymentPostprocessing = 0;
		};
		F9D6B0632B374A270063F634 /* Resources */ = {
			isa = PBXResourcesBuildPhase;
			buildActionMask = 2147483647;
			files = (
			);
			runOnlyForDeploymentPostprocessing = 0;
		};
		F9D6B06D2B374A280063F634 /* Resources */ = {
			isa = PBXResourcesBuildPhase;
			buildActionMask = 2147483647;
			files = (
			);
			runOnlyForDeploymentPostprocessing = 0;
		};
/* End PBXResourcesBuildPhase section */

/* Begin PBXSourcesBuildPhase section */
		F9D6B0502B374A260063F634 /* Sources */ = {
			isa = PBXSourcesBuildPhase;
			buildActionMask = 2147483647;
			files = (
				F99774792B7166830045C7AD /* ApplicationClosureView.swift in Sources */,
				F9F05C712B5C44F8008F14FC /* KeyPressEmulator.swift in Sources */,
				F9D6B05A2B374A260063F634 /* ContentView.swift in Sources */,
				F97402572B701A6D00CFD4EE /* ApplicationLaunchView.swift in Sources */,
				F9D6B0582B374A260063F634 /* MidiControlApp.swift in Sources */,
				F97FD9F92B40B7C40032DFD0 /* MidiSourcesView.swift in Sources */,
				F9FF59092B473FBE005D7CB9 /* AppState.swift in Sources */,
				F956578A2B59CEFC00125ABE /* KeyStrokeView.swift in Sources */,
				F9B052652B5858E4006F1A33 /* TabsMidiListsView.swift in Sources */,
				F9D482802B6A8A0A00470467 /* ExpandViewer.swift in Sources */,
				F924A6B52B4DE9E0004E9129 /* MidiMessage.swift in Sources */,
				F90E373C2B4DF95D00331483 /* Utils.swift in Sources */,
				F90AE4852B76987100BE93BF /* TriggerableEventsListView.swift in Sources */,
				F960BA052B76BFDF00DDDC3D /* MouseEventTypes.swift in Sources */,
				F9E4FF8D2B49B35400BA18C3 /* MidiAdapter.mm in Sources */,
				F9D482822B6AB95E00470467 /* ChannelStepper.swift in Sources */,
				F90E373E2B51BFA100331483 /* MidiMessageView.swift in Sources */,
				F90AE4832B7562E200BE93BF /* DelayEventView.swift in Sources */,
				F960BA072B76C4A600DDDC3D /* MouseEventView.swift in Sources */,
				F90E37412B52CC9800331483 /* TextFieldUInt8.swift in Sources */,
				F97FD9F72B40B7B50032DFD0 /* MidiSourcesManager.swift in Sources */,
				F90E37472B5598D700331483 /* DataController.swift in Sources */,
				F97402542B6D60DA00CFD4EE /* ToggleCheckBox.swift in Sources */,
				F9FF59072B473FB1005D7CB9 /* MidiReceiver.swift in Sources */,
				F958EF932B69671B00610202 /* CheckForUpdatesModel.swift in Sources */,
				F958EF902B6966A900610202 /* CheckForUpdates.swift in Sources */,
				F9B052632B584C2E006F1A33 /* GenericMidiListView.swift in Sources */,
				F96AB3A92B5BFC3E0009D766 /* KeyCodes.swift in Sources */,
				F90E37442B5597F000331483 /* MidiControl.xcdatamodeld in Sources */,
				F97FD9F62B40B7B50032DFD0 /* MidiEndpointModel.swift in Sources */,
				F997747B2B7167160045C7AD /* TriggerableEventView.swift in Sources */,
				F9E4FF932B49CA6600BA18C3 /* MidiEventsLogView.swift in Sources */,
				F9E4FF912B49CA0A00BA18C3 /* MidiEventsLogModel.swift in Sources */,
				F9E4FF8F2B49BE9900BA18C3 /* Extensions.swift in Sources */,
				F9545D0A2B3CAE5B008F8B29 /* AccessibilityAlertView.swift in Sources */,
				F92B18852B56FD8C0018CE5F /* CoreDataExtensions.swift in Sources */,
			);
			runOnlyForDeploymentPostprocessing = 0;
		};
		F9D6B0612B374A270063F634 /* Sources */ = {
			isa = PBXSourcesBuildPhase;
			buildActionMask = 2147483647;
			files = (
				F9D6B06A2B374A270063F634 /* MidiControlTests.swift in Sources */,
			);
			runOnlyForDeploymentPostprocessing = 0;
		};
		F9D6B06B2B374A280063F634 /* Sources */ = {
			isa = PBXSourcesBuildPhase;
			buildActionMask = 2147483647;
			files = (
				F9D6B0742B374A280063F634 /* MidiControlUITests.swift in Sources */,
				F9D6B0762B374A280063F634 /* MidiControlUITestsLaunchTests.swift in Sources */,
			);
			runOnlyForDeploymentPostprocessing = 0;
		};
/* End PBXSourcesBuildPhase section */

/* Begin PBXTargetDependency section */
		F9D6B0672B374A270063F634 /* PBXTargetDependency */ = {
			isa = PBXTargetDependency;
			target = F9D6B0532B374A260063F634 /* MidiControl */;
			targetProxy = F9D6B0662B374A270063F634 /* PBXContainerItemProxy */;
		};
		F9D6B0712B374A280063F634 /* PBXTargetDependency */ = {
			isa = PBXTargetDependency;
			target = F9D6B0532B374A260063F634 /* MidiControl */;
			targetProxy = F9D6B0702B374A280063F634 /* PBXContainerItemProxy */;
		};
/* End PBXTargetDependency section */

/* Begin XCBuildConfiguration section */
		F9D6B0772B374A280063F634 /* Debug */ = {
			isa = XCBuildConfiguration;
			buildSettings = {
				ALWAYS_SEARCH_USER_PATHS = NO;
				ASSETCATALOG_COMPILER_GENERATE_SWIFT_ASSET_SYMBOL_EXTENSIONS = YES;
				CLANG_ANALYZER_NONNULL = YES;
				CLANG_ANALYZER_NUMBER_OBJECT_CONVERSION = YES_AGGRESSIVE;
				CLANG_CXX_LANGUAGE_STANDARD = "gnu++20";
				CLANG_ENABLE_MODULES = YES;
				CLANG_ENABLE_OBJC_ARC = YES;
				CLANG_ENABLE_OBJC_WEAK = YES;
				CLANG_WARN_BLOCK_CAPTURE_AUTORELEASING = YES;
				CLANG_WARN_BOOL_CONVERSION = YES;
				CLANG_WARN_COMMA = YES;
				CLANG_WARN_CONSTANT_CONVERSION = YES;
				CLANG_WARN_DEPRECATED_OBJC_IMPLEMENTATIONS = YES;
				CLANG_WARN_DIRECT_OBJC_ISA_USAGE = YES_ERROR;
				CLANG_WARN_DOCUMENTATION_COMMENTS = YES;
				CLANG_WARN_EMPTY_BODY = YES;
				CLANG_WARN_ENUM_CONVERSION = YES;
				CLANG_WARN_INFINITE_RECURSION = YES;
				CLANG_WARN_INT_CONVERSION = YES;
				CLANG_WARN_NON_LITERAL_NULL_CONVERSION = YES;
				CLANG_WARN_OBJC_IMPLICIT_RETAIN_SELF = YES;
				CLANG_WARN_OBJC_LITERAL_CONVERSION = YES;
				CLANG_WARN_OBJC_ROOT_CLASS = YES_ERROR;
				CLANG_WARN_QUOTED_INCLUDE_IN_FRAMEWORK_HEADER = YES;
				CLANG_WARN_RANGE_LOOP_ANALYSIS = YES;
				CLANG_WARN_STRICT_PROTOTYPES = YES;
				CLANG_WARN_SUSPICIOUS_MOVE = YES;
				CLANG_WARN_UNGUARDED_AVAILABILITY = YES_AGGRESSIVE;
				CLANG_WARN_UNREACHABLE_CODE = YES;
				CLANG_WARN__DUPLICATE_METHOD_MATCH = YES;
				COPY_PHASE_STRIP = NO;
				DEBUG_INFORMATION_FORMAT = dwarf;
				ENABLE_STRICT_OBJC_MSGSEND = YES;
				ENABLE_TESTABILITY = YES;
				ENABLE_USER_SCRIPT_SANDBOXING = YES;
				GCC_C_LANGUAGE_STANDARD = gnu17;
				GCC_DYNAMIC_NO_PIC = NO;
				GCC_NO_COMMON_BLOCKS = YES;
				GCC_OPTIMIZATION_LEVEL = 0;
				GCC_PREPROCESSOR_DEFINITIONS = (
					"DEBUG=1",
					"$(inherited)",
				);
				GCC_WARN_64_TO_32_BIT_CONVERSION = YES;
				GCC_WARN_ABOUT_RETURN_TYPE = YES_ERROR;
				GCC_WARN_UNDECLARED_SELECTOR = YES;
				GCC_WARN_UNINITIALIZED_AUTOS = YES_AGGRESSIVE;
				GCC_WARN_UNUSED_FUNCTION = YES;
				GCC_WARN_UNUSED_VARIABLE = YES;
				LOCALIZATION_PREFERS_STRING_CATALOGS = YES;
				MACOSX_DEPLOYMENT_TARGET = 14.0;
				MTL_ENABLE_DEBUG_INFO = INCLUDE_SOURCE;
				MTL_FAST_MATH = YES;
				ONLY_ACTIVE_ARCH = YES;
				SDKROOT = macosx;
				SWIFT_ACTIVE_COMPILATION_CONDITIONS = "DEBUG $(inherited)";
				SWIFT_OPTIMIZATION_LEVEL = "-Onone";
			};
			name = Debug;
		};
		F9D6B0782B374A280063F634 /* Release */ = {
			isa = XCBuildConfiguration;
			buildSettings = {
				ALWAYS_SEARCH_USER_PATHS = NO;
				ASSETCATALOG_COMPILER_GENERATE_SWIFT_ASSET_SYMBOL_EXTENSIONS = YES;
				CLANG_ANALYZER_NONNULL = YES;
				CLANG_ANALYZER_NUMBER_OBJECT_CONVERSION = YES_AGGRESSIVE;
				CLANG_CXX_LANGUAGE_STANDARD = "gnu++20";
				CLANG_ENABLE_MODULES = YES;
				CLANG_ENABLE_OBJC_ARC = YES;
				CLANG_ENABLE_OBJC_WEAK = YES;
				CLANG_WARN_BLOCK_CAPTURE_AUTORELEASING = YES;
				CLANG_WARN_BOOL_CONVERSION = YES;
				CLANG_WARN_COMMA = YES;
				CLANG_WARN_CONSTANT_CONVERSION = YES;
				CLANG_WARN_DEPRECATED_OBJC_IMPLEMENTATIONS = YES;
				CLANG_WARN_DIRECT_OBJC_ISA_USAGE = YES_ERROR;
				CLANG_WARN_DOCUMENTATION_COMMENTS = YES;
				CLANG_WARN_EMPTY_BODY = YES;
				CLANG_WARN_ENUM_CONVERSION = YES;
				CLANG_WARN_INFINITE_RECURSION = YES;
				CLANG_WARN_INT_CONVERSION = YES;
				CLANG_WARN_NON_LITERAL_NULL_CONVERSION = YES;
				CLANG_WARN_OBJC_IMPLICIT_RETAIN_SELF = YES;
				CLANG_WARN_OBJC_LITERAL_CONVERSION = YES;
				CLANG_WARN_OBJC_ROOT_CLASS = YES_ERROR;
				CLANG_WARN_QUOTED_INCLUDE_IN_FRAMEWORK_HEADER = YES;
				CLANG_WARN_RANGE_LOOP_ANALYSIS = YES;
				CLANG_WARN_STRICT_PROTOTYPES = YES;
				CLANG_WARN_SUSPICIOUS_MOVE = YES;
				CLANG_WARN_UNGUARDED_AVAILABILITY = YES_AGGRESSIVE;
				CLANG_WARN_UNREACHABLE_CODE = YES;
				CLANG_WARN__DUPLICATE_METHOD_MATCH = YES;
				COPY_PHASE_STRIP = NO;
				DEBUG_INFORMATION_FORMAT = "dwarf-with-dsym";
				ENABLE_NS_ASSERTIONS = NO;
				ENABLE_STRICT_OBJC_MSGSEND = YES;
				ENABLE_USER_SCRIPT_SANDBOXING = YES;
				GCC_C_LANGUAGE_STANDARD = gnu17;
				GCC_NO_COMMON_BLOCKS = YES;
				GCC_WARN_64_TO_32_BIT_CONVERSION = YES;
				GCC_WARN_ABOUT_RETURN_TYPE = YES_ERROR;
				GCC_WARN_UNDECLARED_SELECTOR = YES;
				GCC_WARN_UNINITIALIZED_AUTOS = YES_AGGRESSIVE;
				GCC_WARN_UNUSED_FUNCTION = YES;
				GCC_WARN_UNUSED_VARIABLE = YES;
				LOCALIZATION_PREFERS_STRING_CATALOGS = YES;
				MACOSX_DEPLOYMENT_TARGET = 14.0;
				MTL_ENABLE_DEBUG_INFO = NO;
				MTL_FAST_MATH = YES;
				SDKROOT = macosx;
				SWIFT_COMPILATION_MODE = wholemodule;
			};
			name = Release;
		};
		F9D6B07A2B374A280063F634 /* Debug */ = {
			isa = XCBuildConfiguration;
			buildSettings = {
				ASSETCATALOG_COMPILER_APPICON_NAME = AppIcon;
				ASSETCATALOG_COMPILER_GLOBAL_ACCENT_COLOR_NAME = AccentColor;
				CLANG_ENABLE_MODULES = YES;
				CODE_SIGN_ENTITLEMENTS = MidiControl/MidiControl.entitlements;
				CODE_SIGN_IDENTITY = "Apple Development";
				"CODE_SIGN_IDENTITY[sdk=macosx*]" = "Apple Development";
				CODE_SIGN_STYLE = Automatic;
				COMBINE_HIDPI_IMAGES = YES;
				CURRENT_PROJECT_VERSION = 1.2;
				DEVELOPMENT_ASSET_PATHS = "\"MidiControl/Preview Content\"";
				DEVELOPMENT_TEAM = F7Y3J8Z4AZ;
				ENABLE_HARDENED_RUNTIME = YES;
				ENABLE_PREVIEWS = YES;
				GENERATE_INFOPLIST_FILE = YES;
				INFOPLIST_FILE = MidiControl/Info.plist;
				INFOPLIST_KEY_NSHumanReadableCopyright = "";
				LD_RUNPATH_SEARCH_PATHS = (
					"$(inherited)",
					"@executable_path/../Frameworks",
				);
				MACOSX_DEPLOYMENT_TARGET = 11.0;
				MARKETING_VERSION = 1.2;
				PRODUCT_BUNDLE_IDENTIFIER = personal.MidiControl;
				PRODUCT_NAME = "$(TARGET_NAME)";
				PROVISIONING_PROFILE_SPECIFIER = "";
				SWIFT_EMIT_LOC_STRINGS = YES;
				SWIFT_OBJC_BRIDGING_HEADER = "MidiControl/Realtime/MidiControl-Bridging-Header.h";
				SWIFT_OPTIMIZATION_LEVEL = "-Onone";
				SWIFT_VERSION = 5.0;
			};
			name = Debug;
		};
		F9D6B07B2B374A280063F634 /* Release */ = {
			isa = XCBuildConfiguration;
			buildSettings = {
				ASSETCATALOG_COMPILER_APPICON_NAME = AppIcon;
				ASSETCATALOG_COMPILER_GLOBAL_ACCENT_COLOR_NAME = AccentColor;
				CLANG_ENABLE_MODULES = YES;
				CODE_SIGN_ENTITLEMENTS = MidiControl/MidiControl.entitlements;
				CODE_SIGN_IDENTITY = "Apple Development";
				"CODE_SIGN_IDENTITY[sdk=macosx*]" = "Apple Development";
				CODE_SIGN_STYLE = Automatic;
				COMBINE_HIDPI_IMAGES = YES;
				CURRENT_PROJECT_VERSION = 1.2;
				DEVELOPMENT_ASSET_PATHS = "\"MidiControl/Preview Content\"";
				DEVELOPMENT_TEAM = F7Y3J8Z4AZ;
				ENABLE_HARDENED_RUNTIME = YES;
				ENABLE_PREVIEWS = YES;
				GENERATE_INFOPLIST_FILE = YES;
				INFOPLIST_FILE = MidiControl/Info.plist;
				INFOPLIST_KEY_NSHumanReadableCopyright = "";
				LD_RUNPATH_SEARCH_PATHS = (
					"$(inherited)",
					"@executable_path/../Frameworks",
				);
				MACOSX_DEPLOYMENT_TARGET = 11.0;
				MARKETING_VERSION = 1.2;
				PRODUCT_BUNDLE_IDENTIFIER = personal.MidiControl;
				PRODUCT_NAME = "$(TARGET_NAME)";
				PROVISIONING_PROFILE_SPECIFIER = "";
				SWIFT_EMIT_LOC_STRINGS = YES;
				SWIFT_OBJC_BRIDGING_HEADER = "MidiControl/Realtime/MidiControl-Bridging-Header.h";
				SWIFT_VERSION = 5.0;
			};
			name = Release;
		};
		F9D6B07D2B374A280063F634 /* Debug */ = {
			isa = XCBuildConfiguration;
			buildSettings = {
				ALWAYS_EMBED_SWIFT_STANDARD_LIBRARIES = YES;
				BUNDLE_LOADER = "$(TEST_HOST)";
				CODE_SIGN_STYLE = Automatic;
				CURRENT_PROJECT_VERSION = 1;
				DEVELOPMENT_TEAM = F7Y3J8Z4AZ;
				GENERATE_INFOPLIST_FILE = YES;
				MACOSX_DEPLOYMENT_TARGET = 14.0;
				MARKETING_VERSION = 1.0;
				PRODUCT_BUNDLE_IDENTIFIER = personal.MidiControlTests;
				PRODUCT_NAME = "$(TARGET_NAME)";
				SWIFT_EMIT_LOC_STRINGS = NO;
				SWIFT_VERSION = 5.0;
				TEST_HOST = "$(BUILT_PRODUCTS_DIR)/MidiControl.app/$(BUNDLE_EXECUTABLE_FOLDER_PATH)/MidiControl";
			};
			name = Debug;
		};
		F9D6B07E2B374A280063F634 /* Release */ = {
			isa = XCBuildConfiguration;
			buildSettings = {
				ALWAYS_EMBED_SWIFT_STANDARD_LIBRARIES = YES;
				BUNDLE_LOADER = "$(TEST_HOST)";
				CODE_SIGN_STYLE = Automatic;
				CURRENT_PROJECT_VERSION = 1;
				DEVELOPMENT_TEAM = F7Y3J8Z4AZ;
				GENERATE_INFOPLIST_FILE = YES;
				MACOSX_DEPLOYMENT_TARGET = 14.0;
				MARKETING_VERSION = 1.0;
				PRODUCT_BUNDLE_IDENTIFIER = personal.MidiControlTests;
				PRODUCT_NAME = "$(TARGET_NAME)";
				SWIFT_EMIT_LOC_STRINGS = NO;
				SWIFT_VERSION = 5.0;
				TEST_HOST = "$(BUILT_PRODUCTS_DIR)/MidiControl.app/$(BUNDLE_EXECUTABLE_FOLDER_PATH)/MidiControl";
			};
			name = Release;
		};
		F9D6B0802B374A280063F634 /* Debug */ = {
			isa = XCBuildConfiguration;
			buildSettings = {
				ALWAYS_EMBED_SWIFT_STANDARD_LIBRARIES = YES;
				CODE_SIGN_STYLE = Automatic;
				CURRENT_PROJECT_VERSION = 1;
				DEVELOPMENT_TEAM = F7Y3J8Z4AZ;
				GENERATE_INFOPLIST_FILE = YES;
				MARKETING_VERSION = 1.0;
				PRODUCT_BUNDLE_IDENTIFIER = personal.MidiControlUITests;
				PRODUCT_NAME = "$(TARGET_NAME)";
				SWIFT_EMIT_LOC_STRINGS = NO;
				SWIFT_VERSION = 5.0;
				TEST_TARGET_NAME = MidiControl;
			};
			name = Debug;
		};
		F9D6B0812B374A280063F634 /* Release */ = {
			isa = XCBuildConfiguration;
			buildSettings = {
				ALWAYS_EMBED_SWIFT_STANDARD_LIBRARIES = YES;
				CODE_SIGN_STYLE = Automatic;
				CURRENT_PROJECT_VERSION = 1;
				DEVELOPMENT_TEAM = F7Y3J8Z4AZ;
				GENERATE_INFOPLIST_FILE = YES;
				MARKETING_VERSION = 1.0;
				PRODUCT_BUNDLE_IDENTIFIER = personal.MidiControlUITests;
				PRODUCT_NAME = "$(TARGET_NAME)";
				SWIFT_EMIT_LOC_STRINGS = NO;
				SWIFT_VERSION = 5.0;
				TEST_TARGET_NAME = MidiControl;
			};
			name = Release;
		};
/* End XCBuildConfiguration section */

/* Begin XCConfigurationList section */
		F9D6B04F2B374A260063F634 /* Build configuration list for PBXProject "MidiControl" */ = {
			isa = XCConfigurationList;
			buildConfigurations = (
				F9D6B0772B374A280063F634 /* Debug */,
				F9D6B0782B374A280063F634 /* Release */,
			);
			defaultConfigurationIsVisible = 0;
			defaultConfigurationName = Release;
		};
		F9D6B0792B374A280063F634 /* Build configuration list for PBXNativeTarget "MidiControl" */ = {
			isa = XCConfigurationList;
			buildConfigurations = (
				F9D6B07A2B374A280063F634 /* Debug */,
				F9D6B07B2B374A280063F634 /* Release */,
			);
			defaultConfigurationIsVisible = 0;
			defaultConfigurationName = Release;
		};
		F9D6B07C2B374A280063F634 /* Build configuration list for PBXNativeTarget "MidiControlTests" */ = {
			isa = XCConfigurationList;
			buildConfigurations = (
				F9D6B07D2B374A280063F634 /* Debug */,
				F9D6B07E2B374A280063F634 /* Release */,
			);
			defaultConfigurationIsVisible = 0;
			defaultConfigurationName = Release;
		};
		F9D6B07F2B374A280063F634 /* Build configuration list for PBXNativeTarget "MidiControlUITests" */ = {
			isa = XCConfigurationList;
			buildConfigurations = (
				F9D6B0802B374A280063F634 /* Debug */,
				F9D6B0812B374A280063F634 /* Release */,
			);
			defaultConfigurationIsVisible = 0;
			defaultConfigurationName = Release;
		};
/* End XCConfigurationList section */

/* Begin XCRemoteSwiftPackageReference section */
		F958EF8A2B69617E00610202 /* XCRemoteSwiftPackageReference "Sparkle" */ = {
			isa = XCRemoteSwiftPackageReference;
			repositoryURL = "https://github.com/sparkle-project/Sparkle";
			requirement = {
				kind = upToNextMajorVersion;
				minimumVersion = 2.5.2;
			};
		};
/* End XCRemoteSwiftPackageReference section */

/* Begin XCSwiftPackageProductDependency section */
		F958EF8B2B69617E00610202 /* Sparkle */ = {
			isa = XCSwiftPackageProductDependency;
			package = F958EF8A2B69617E00610202 /* XCRemoteSwiftPackageReference "Sparkle" */;
			productName = Sparkle;
		};
/* End XCSwiftPackageProductDependency section */

/* Begin XCVersionGroup section */
		F90E37422B5597F000331483 /* MidiControl.xcdatamodeld */ = {
			isa = XCVersionGroup;
			children = (
				F90E37432B5597F000331483 /* MidiControl.xcdatamodel */,
			);
			currentVersion = F90E37432B5597F000331483 /* MidiControl.xcdatamodel */;
			path = MidiControl.xcdatamodeld;
			sourceTree = "<group>";
			versionGroupType = wrapper.xcdatamodel;
		};
/* End XCVersionGroup section */
	};
	rootObject = F9D6B04C2B374A260063F634 /* Project object */;
}
